
Microsoft Visual Studio Solution File, Format Version 12.00
# Visual Studio Version 17
VisualStudioVersion = 17.8.34309.116
MinimumVisualStudioVersion = 10.0.40219.1
Project("{9A19103F-16F7-4668-BE54-9A1E7A4F7556}") = "Chapter_01.CustomArrayClass", "Chapter_01.CustomArrayClass\Chapter_01.CustomArrayClass.csproj", "{DBE642E0-0EB8-4186-81A9-F18FB65FB7E0}"
EndProject
Project("{9A19103F-16F7-4668-BE54-9A1E7A4F7556}") = "Test", "Test\Test.csproj", "{7218B307-2F39-46C4-B684-F8250F396B31}"
EndProject
Project("{9A19103F-16F7-4668-BE54-9A1E7A4F7556}") = "Chapter_02.HashTables", "Chapter_02.HashTables\Chapter_02.HashTables.csproj", "{16031189-146D-483B-ADB7-2098AC394D07}"
EndProject
Project("{9A19103F-16F7-4668-BE54-9A1E7A4F7556}") = "Exercise", "Exercise\Exercise.csproj", "{DA0D10CF-327C-4E74-B94C-BD62C8380B34}"
EndProject
Project("{9A19103F-16F7-4668-BE54-9A1E7A4F7556}") = "Chapter_03.LinkedLists", "Chapter_03.LinkedLists\Chapter_03.LinkedLists.csproj", "{445F183C-5108-40D2-91A1-3697DFD490F4}"
EndProject
Project("{9A19103F-16F7-4668-BE54-9A1E7A4F7556}") = "Chapter_04.StacksQueues", "Chapter_04.StacksQueues\Chapter_04.StacksQueues.csproj", "{E42EE65E-A3CC-4F12-B2AA-7E820C367B40}"
EndProject
Project("{9A19103F-16F7-4668-BE54-9A1E7A4F7556}") = "Chapter_05.Trees", "Chapter_05.Trees\Chapter_05.Trees.csproj", "{CE5E3C2C-3703-49C8-9C1D-2722AD99553E}"
EndProject
Project("{FAE04EC0-301F-11D3-BF4B-00C04F79EFBC}") = "Chapter_06.Graphs", "Chapter_06.Graphs\Chapter_06.Graphs.csproj", "{3057C716-315A-4503-BF4F-483A5CF7D16F}"
EndProject
Global
	GlobalSection(SolutionConfigurationPlatforms) = preSolution
		Debug|Any CPU = Debug|Any CPU
		Release|Any CPU = Release|Any CPU
	EndGlobalSection
	GlobalSection(ProjectConfigurationPlatforms) = postSolution
		{DBE642E0-0EB8-4186-81A9-F18FB65FB7E0}.Debug|Any CPU.ActiveCfg = Debug|Any CPU
		{DBE642E0-0EB8-4186-81A9-F18FB65FB7E0}.Debug|Any CPU.Build.0 = Debug|Any CPU
		{DBE642E0-0EB8-4186-81A9-F18FB65FB7E0}.Release|Any CPU.ActiveCfg = Release|Any CPU
		{DBE642E0-0EB8-4186-81A9-F18FB65FB7E0}.Release|Any CPU.Build.0 = Release|Any CPU
		{7218B307-2F39-46C4-B684-F8250F396B31}.Debug|Any CPU.ActiveCfg = Debug|Any CPU
		{7218B307-2F39-46C4-B684-F8250F396B31}.Debug|Any CPU.Build.0 = Debug|Any CPU
		{7218B307-2F39-46C4-B684-F8250F396B31}.Release|Any CPU.ActiveCfg = Release|Any CPU
		{7218B307-2F39-46C4-B684-F8250F396B31}.Release|Any CPU.Build.0 = Release|Any CPU
		{16031189-146D-483B-ADB7-2098AC394D07}.Debug|Any CPU.ActiveCfg = Debug|Any CPU
		{16031189-146D-483B-ADB7-2098AC394D07}.Debug|Any CPU.Build.0 = Debug|Any CPU
		{16031189-146D-483B-ADB7-2098AC394D07}.Release|Any CPU.ActiveCfg = Release|Any CPU
		{16031189-146D-483B-ADB7-2098AC394D07}.Release|Any CPU.Build.0 = Release|Any CPU
		{DA0D10CF-327C-4E74-B94C-BD62C8380B34}.Debug|Any CPU.ActiveCfg = Debug|Any CPU
		{DA0D10CF-327C-4E74-B94C-BD62C8380B34}.Debug|Any CPU.Build.0 = Debug|Any CPU
		{DA0D10CF-327C-4E74-B94C-BD62C8380B34}.Release|Any CPU.ActiveCfg = Release|Any CPU
		{DA0D10CF-327C-4E74-B94C-BD62C8380B34}.Release|Any CPU.Build.0 = Release|Any CPU
		{445F183C-5108-40D2-91A1-3697DFD490F4}.Debug|Any CPU.ActiveCfg = Debug|Any CPU
		{445F183C-5108-40D2-91A1-3697DFD490F4}.Debug|Any CPU.Build.0 = Debug|Any CPU
		{445F183C-5108-40D2-91A1-3697DFD490F4}.Release|Any CPU.ActiveCfg = Release|Any CPU
		{445F183C-5108-40D2-91A1-3697DFD490F4}.Release|Any CPU.Build.0 = Release|Any CPU
		{E42EE65E-A3CC-4F12-B2AA-7E820C367B40}.Debug|Any CPU.ActiveCfg = Debug|Any CPU
		{E42EE65E-A3CC-4F12-B2AA-7E820C367B40}.Debug|Any CPU.Build.0 = Debug|Any CPU
		{E42EE65E-A3CC-4F12-B2AA-7E820C367B40}.Release|Any CPU.ActiveCfg = Release|Any CPU
		{E42EE65E-A3CC-4F12-B2AA-7E820C367B40}.Release|Any CPU.Build.0 = Release|Any CPU
		{CE5E3C2C-3703-49C8-9C1D-2722AD99553E}.Debug|Any CPU.ActiveCfg = Debug|Any CPU
		{CE5E3C2C-3703-49C8-9C1D-2722AD99553E}.Debug|Any CPU.Build.0 = Debug|Any CPU
		{CE5E3C2C-3703-49C8-9C1D-2722AD99553E}.Release|Any CPU.ActiveCfg = Release|Any CPU
		{CE5E3C2C-3703-49C8-9C1D-2722AD99553E}.Release|Any CPU.Build.0 = Release|Any CPU
		{3057C716-315A-4503-BF4F-483A5CF7D16F}.Debug|Any CPU.ActiveCfg = Debug|Any CPU
		{3057C716-315A-4503-BF4F-483A5CF7D16F}.Debug|Any CPU.Build.0 = Debug|Any CPU
		{3057C716-315A-4503-BF4F-483A5CF7D16F}.Release|Any CPU.ActiveCfg = Release|Any CPU
		{3057C716-315A-4503-BF4F-483A5CF7D16F}.Release|Any CPU.Build.0 = Release|Any CPU
	EndGlobalSection
	GlobalSection(SolutionProperties) = preSolution
		HideSolutionNode = FALSE
	EndGlobalSection
	GlobalSection(ExtensibilityGlobals) = postSolution
		SolutionGuid = {37F00B95-4503-4DD7-AF9E-7F7ECBDAEEFA}
	EndGlobalSection
EndGlobal
